
Microsoft Visual Studio Solution File, Format Version 12.00
Project("{FAE04EC0-301F-11D3-BF4B-00C04F79EFBC}") = "HardwareWarehouse MS", "HardwareWarehouse MS\HardwareWarehouse MS.csproj", "{5862E15E-134B-4018-A14A-C66DB1C12B14}"
EndProject
Project("{FAE04EC0-301F-11D3-BF4B-00C04F79EFBC}") = "WarehouseManagementSystemAPI", "WarehouseManagementSystemAPI\WarehouseManagementSystemAPI.csproj", "{A3FACDF1-5C4A-4E90-B21F-F6CB644A19A1}"
EndProject
Global
	GlobalSection(SolutionConfigurationPlatforms) = preSolution
		Debug|Any CPU = Debug|Any CPU
		Release|Any CPU = Release|Any CPU
	EndGlobalSection
	GlobalSection(ProjectConfigurationPlatforms) = postSolution
		{5862E15E-134B-4018-A14A-C66DB1C12B14}.Debug|Any CPU.ActiveCfg = Debug|Any CPU
		{5862E15E-134B-4018-A14A-C66DB1C12B14}.Debug|Any CPU.Build.0 = Debug|Any CPU
		{5862E15E-134B-4018-A14A-C66DB1C12B14}.Release|Any CPU.ActiveCfg = Release|Any CPU
		{5862E15E-134B-4018-A14A-C66DB1C12B14}.Release|Any CPU.Build.0 = Release|Any CPU
		{A3FACDF1-5C4A-4E90-B21F-F6CB644A19A1}.Debug|Any CPU.ActiveCfg = Debug|Any CPU
		{A3FACDF1-5C4A-4E90-B21F-F6CB644A19A1}.Debug|Any CPU.Build.0 = Debug|Any CPU
		{A3FACDF1-5C4A-4E90-B21F-F6CB644A19A1}.Release|Any CPU.ActiveCfg = Release|Any CPU
		{A3FACDF1-5C4A-4E90-B21F-F6CB644A19A1}.Release|Any CPU.Build.0 = Release|Any CPU
	EndGlobalSection
EndGlobal
